
Microsoft Visual Studio Solution File, Format Version 12.00
# Visual Studio Version 17
VisualStudioVersion = 17.13.35931.197 d17.13
MinimumVisualStudioVersion = 10.0.40219.1
Project("{FAE04EC0-301F-11D3-BF4B-00C04F79EFBC}") = "GestaoCuidadores", "GestaoCuidadores.csproj", "{1FC51AF7-014B-4606-864F-42B7E6DB2F13}"
EndProject
Global
	GlobalSection(SolutionConfigurationPlatforms) = preSolution
		Debug|Any CPU = Debug|Any CPU
		Release|Any CPU = Release|Any CPU
	EndGlobalSection
	GlobalSection(ProjectConfigurationPlatforms) = postSolution
		{1FC51AF7-014B-4606-864F-42B7E6DB2F13}.Debug|Any CPU.ActiveCfg = Debug|Any CPU
		{1FC51AF7-014B-4606-864F-42B7E6DB2F13}.Debug|Any CPU.Build.0 = Debug|Any CPU
		{1FC51AF7-014B-4606-864F-42B7E6DB2F13}.Release|Any CPU.ActiveCfg = Release|Any CPU
		{1FC51AF7-014B-4606-864F-42B7E6DB2F13}.Release|Any CPU.Build.0 = Release|Any CPU
	EndGlobalSection
	GlobalSection(SolutionProperties) = preSolution
		HideSolutionNode = FALSE
	EndGlobalSection
	GlobalSection(ExtensibilityGlobals) = postSolution
		SolutionGuid = {3088839B-D174-431E-869D-81C3398A0C21}
	EndGlobalSection
EndGlobal
